# This file is automatically @generated by Cargo.
# It is not intended for manual editing.
version = 3

[[package]]
name = "qingjian-bench"
version = "0.0.0"
dependencies = [
 "qingjian-core",
 "qingjian-embed",
 "qingjian-engine",
 "qingjian-memory",
 "qingjian-schemes",
]

[[package]]
name = "qingjian-cli"
version = "0.0.0"
dependencies = [
 "qingjian-core",
 "qingjian-embed",
 "qingjian-engine",
 "qingjian-memory",
 "qingjian-schemes",
]

[[package]]
name = "qingjian-config"
version = "0.0.0"
dependencies = [
 "qingjian-core",
]

[[package]]
name = "qingjian-core"
version = "0.0.0"

[[package]]
name = "qingjian-dict"
version = "0.0.0"
dependencies = [
 "qingjian-config",
 "qingjian-core",
]

[[package]]
name = "qingjian-embed"
version = "0.0.0"
dependencies = [
 "qingjian-core",
 "qingjian-engine",
 "qingjian-memory",
 "qingjian-schemes",
]

[[package]]
name = "qingjian-engine"
version = "0.0.0"
dependencies = [
 "qingjian-core",
]

[[package]]
name = "qingjian-memory"
version = "0.0.0"
dependencies = [
 "qingjian-core",
 "qingjian-engine",
 "qingjian-schemes",
]

[[package]]
name = "qingjian-schemes"
version = "0.0.0"
dependencies = [
 "qingjian-config",
 "qingjian-core",
 "qingjian-dict",
 "qingjian-engine",
 "qingjian-table",
]

[[package]]
name = "qingjian-table"
version = "0.0.0"
dependencies = [
 "qingjian-core",
]
