# This file is automatically @generated by Cargo.
# It is not intended for manual editing.
version = 3

[[package]]
name = "stele-bench"
version = "0.0.0"
dependencies = [
 "stele-core",
 "stele-engine",
 "stele-schemes-builtin",
]

[[package]]
name = "stele-cli"
version = "0.0.0"
dependencies = [
 "stele-core",
 "stele-engine",
 "stele-schemes-builtin",
]

[[package]]
name = "stele-core"
version = "0.0.0"

[[package]]
name = "stele-engine"
version = "0.0.0"
dependencies = [
 "stele-core",
]

[[package]]
name = "stele-schemes-builtin"
version = "0.0.0"
dependencies = [
 "stele-core",
 "stele-engine",
]
