# This file is automatically @generated by Cargo.
# It is not intended for manual editing.
version = 3

[[package]]
name = "stele-bench"
version = "0.0.0"
dependencies = [
 "stele-core",
 "stele-engine",
 "stele-schemes",
]

[[package]]
name = "stele-cli"
version = "0.0.0"
dependencies = [
 "stele-core",
 "stele-engine",
 "stele-schemes",
]

[[package]]
name = "stele-config"
version = "0.0.0"
dependencies = [
 "stele-core",
]

[[package]]
name = "stele-core"
version = "0.0.0"

[[package]]
name = "stele-dict"
version = "0.0.0"
dependencies = [
 "stele-config",
 "stele-core",
]

[[package]]
name = "stele-engine"
version = "0.0.0"
dependencies = [
 "stele-core",
]

[[package]]
name = "stele-schemes"
version = "0.0.0"
dependencies = [
 "stele-config",
 "stele-core",
 "stele-dict",
 "stele-engine",
]
