# This file is automatically @generated by Cargo.
# It is not intended for manual editing.
version = 4

[[package]]
name = "stele-config"
version = "0.0.0"
dependencies = [
 "stele-core",
]

[[package]]
name = "stele-core"
version = "0.0.0"

[[package]]
name = "stele-dict"
version = "0.0.0"
dependencies = [
 "stele-config",
 "stele-core",
]

[[package]]
name = "wordlist-gen"
version = "0.0.0"
dependencies = [
 "stele-dict",
]
