# This file is automatically @generated by Cargo.
# It is not intended for manual editing.
version = 4

[[package]]
name = "qingjian-config"
version = "0.0.0"
dependencies = [
 "qingjian-core",
]

[[package]]
name = "qingjian-core"
version = "0.0.0"

[[package]]
name = "qingjian-dict"
version = "0.0.0"
dependencies = [
 "qingjian-config",
 "qingjian-core",
]

[[package]]
name = "wordlist-gen"
version = "0.0.0"
dependencies = [
 "qingjian-dict",
]
